
Microsoft Visual Studio Solution File, Format Version 12.00
# Visual Studio Version 16
VisualStudioVersion = 16.0.29806.167
MinimumVisualStudioVersion = 10.0.40219.1
Project("{FAE04EC0-301F-11D3-BF4B-00C04F79EFBC}") = "Loader", "Loader\Loader.csproj", "{90CC3024-609E-49CF-85A1-ADF9B2BB0C03}"
EndProject
Global
	GlobalSection(SolutionConfigurationPlatforms) = preSolution
		Debug|Any CPU = Debug|Any CPU
		Release|Any CPU = Release|Any CPU
	EndGlobalSection
	GlobalSection(ProjectConfigurationPlatforms) = postSolution
		{90CC3024-609E-49CF-85A1-ADF9B2BB0C03}.Debug|Any CPU.ActiveCfg = Debug|Any CPU
		{90CC3024-609E-49CF-85A1-ADF9B2BB0C03}.Debug|Any CPU.Build.0 = Debug|Any CPU
		{90CC3024-609E-49CF-85A1-ADF9B2BB0C03}.Release|Any CPU.ActiveCfg = Release|Any CPU
		{90CC3024-609E-49CF-85A1-ADF9B2BB0C03}.Release|Any CPU.Build.0 = Release|Any CPU
	EndGlobalSection
	GlobalSection(SolutionProperties) = preSolution
		HideSolutionNode = FALSE
	EndGlobalSection
	GlobalSection(ExtensibilityGlobals) = postSolution
		SolutionGuid = {42453022-44E8-4FD9-99DC-C7B823DD4FE8}
	EndGlobalSection
EndGlobal
